
Microsoft Visual Studio Solution File, Format Version 12.00
# Visual Studio Version 17
VisualStudioVersion = 17.6.33717.318
MinimumVisualStudioVersion = 10.0.40219.1
Project("{FAE04EC0-301F-11D3-BF4B-00C04F79EFBC}") = "WPFTableTest", "WPFTableTest\WPFTableTest.csproj", "{24170565-4F8A-4A8C-B224-5B8CB255144C}"
EndProject
Global
	GlobalSection(SolutionConfigurationPlatforms) = preSolution
		Debug|Any CPU = Debug|Any CPU
		Release|Any CPU = Release|Any CPU
	EndGlobalSection
	GlobalSection(ProjectConfigurationPlatforms) = postSolution
		{24170565-4F8A-4A8C-B224-5B8CB255144C}.Debug|Any CPU.ActiveCfg = Debug|Any CPU
		{24170565-4F8A-4A8C-B224-5B8CB255144C}.Debug|Any CPU.Build.0 = Debug|Any CPU
		{24170565-4F8A-4A8C-B224-5B8CB255144C}.Release|Any CPU.ActiveCfg = Release|Any CPU
		{24170565-4F8A-4A8C-B224-5B8CB255144C}.Release|Any CPU.Build.0 = Release|Any CPU
	EndGlobalSection
	GlobalSection(SolutionProperties) = preSolution
		HideSolutionNode = FALSE
	EndGlobalSection
	GlobalSection(ExtensibilityGlobals) = postSolution
		SolutionGuid = {F31F174C-A042-4D0F-8315-04CAC9AE11F8}
	EndGlobalSection
EndGlobal
